{
  "nodes": {
    "brew-src": {
      "flake": false,
      "locked": {
        "lastModified": 1742457334,
        "narHash": "sha256-Gn7ruyb3NDFr+SsHBfA2NsJI8YkkWdECqLRj/xcjt+E=",
        "owner": "Homebrew",
        "repo": "brew",
        "rev": "f3bd91d3afe086824d24708230e1f0c7f943135a",
        "type": "github"
      },
      "original": {
        "owner": "Homebrew",
        "ref": "4.4.25",
        "repo": "brew",
        "type": "github"
      }
    },
    "nix-darwin": {
      "inputs": {
        "nixpkgs": [
          "nixpkgs"
        ]
      },
      "locked": {
        "lastModified": 1745816321,
        "narHash": "sha256-Gyh/fkCDqVNGM0BWvk+4UAS17w2UI6iwnbQQCmc1TDI=",
        "owner": "LnL7",
        "repo": "nix-darwin",
        "rev": "4515dacafb0ccd42e5395aacc49fd58a43027e01",
        "type": "github"
      },
      "original": {
        "owner": "LnL7",
        "repo": "nix-darwin",
        "type": "github"
      }
    },
    "nix-homebrew": {
      "inputs": {
        "brew-src": "brew-src",
        "nix-darwin": [
          "nix-darwin"
        ],
        "nixpkgs": [
          "nixpkgs"
        ]
      },
      "locked": {
        "lastModified": 1744563914,
        "narHash": "sha256-0exTKCXDE/8G7gZQ9Gk3EcZBAL7lwzxhD7DtUBsnlGI=",
        "owner": "zhaofengli-wip",
        "repo": "nix-homebrew",
        "rev": "53507607d69c88efc816e806b8139607c7257285",
        "type": "github"
      },
      "original": {
        "owner": "zhaofengli-wip",
        "repo": "nix-homebrew",
        "type": "github"
      }
    },
    "nixpkgs": {
      "locked": {
        "lastModified": 1745804731,
        "narHash": "sha256-v/sK3AS0QKu/Tu5sHIfddiEHCvrbNYPv8X10Fpux68g=",
        "owner": "NixOS",
        "repo": "nixpkgs",
        "rev": "29335f23bea5e34228349ea739f31ee79e267b88",
        "type": "github"
      },
      "original": {
        "owner": "NixOS",
        "ref": "nixpkgs-unstable",
        "repo": "nixpkgs",
        "type": "github"
      }
    },
    "nixpkgs-stable": {
      "locked": {
        "lastModified": 1745733216,
        "narHash": "sha256-UTgWyFHohRQ8rOcsb6yMClNLwrQtBeyx5uHWGd7qdM8=",
        "owner": "NixOS",
        "repo": "nixpkgs",
        "rev": "8ad8b9d65444c358b86bf75f73a036b3fd35bce4",
        "type": "github"
      },
      "original": {
        "owner": "NixOS",
        "ref": "nixpkgs-24.11-darwin",
        "repo": "nixpkgs",
        "type": "github"
      }
    },
    "root": {
      "inputs": {
        "nix-darwin": "nix-darwin",
        "nix-homebrew": "nix-homebrew",
        "nixpkgs": "nixpkgs",
        "nixpkgs-stable": "nixpkgs-stable"
      }
    }
  },
  "root": "root",
  "version": 7
}
